
Microsoft Visual Studio Solution File, Format Version 11.00
# Visual Studio 2010
VisualStudioVersion = 14.0.25420.1
MinimumVisualStudioVersion = 10.0.40219.1
Project("{F184B08F-C81C-45F6-A57F-5ABD9991F28F}") = "Matrices", "Matrices\Matrices.vbproj", "{825CBDC3-85A5-4E85-B0E2-44F07D44C886}"
EndProject
Global
	GlobalSection(SolutionConfigurationPlatforms) = preSolution
		Debug|Any CPU = Debug|Any CPU
		Release|Any CPU = Release|Any CPU
	EndGlobalSection
	GlobalSection(ProjectConfigurationPlatforms) = postSolution
		{825CBDC3-85A5-4E85-B0E2-44F07D44C886}.Debug|Any CPU.ActiveCfg = Debug|Any CPU
		{825CBDC3-85A5-4E85-B0E2-44F07D44C886}.Debug|Any CPU.Build.0 = Debug|Any CPU
		{825CBDC3-85A5-4E85-B0E2-44F07D44C886}.Release|Any CPU.ActiveCfg = Release|Any CPU
		{825CBDC3-85A5-4E85-B0E2-44F07D44C886}.Release|Any CPU.Build.0 = Release|Any CPU
	EndGlobalSection
	GlobalSection(SolutionProperties) = preSolution
		HideSolutionNode = FALSE
	EndGlobalSection
EndGlobal
